{
  "name": "aleph-scriptorium",
  "version": "1.0.0-alpha.1-release-party",
  "lockfileVersion": 3,
  "requires": true,
  "packages": {
    "": {
      "name": "aleph-scriptorium",
      "version": "1.0.0-alpha.1-release-party",
      "license": "SEE LICENSE IN LICENSE.md",
      "os": [
        "darwin",
        "linux",
        "win32"
      ],
      "devDependencies": {
        "@alephscript/skills-scriptorium": "0.7.0"
      },
      "engines": {
        "node": ">=22.0.0"
      },
      "funding": {
        "type": "aipl",
        "url": "mailto:secretaria@escrivivir.co"
      }
    },
    "node_modules/@alephscript/skills-scriptorium": {
      "version": "0.7.0",
      "resolved": "https://npm.scriptorium.escrivivir.co/@alephscript/skills-scriptorium/-/skills-scriptorium-0.7.0.tgz",
      "integrity": "sha512-qQmEIPViplg07BFO70AfS108/FbF133OKj2S91JiDP/pX5XcRmuV2nqICL/jqx2pNj367IiGGmowSy8ZWvtxwA==",
      "dev": true,
      "license": "UNLICENSED",
      "bin": {
        "alephscript-skills-sync": "bin/alephscript-skills-sync.mjs"
      },
      "engines": {
        "node": ">=22"
      }
    }
  }
}
